
Microsoft Visual Studio Solution File, Format Version 12.00
# Visual Studio Version 16
VisualStudioVersion = 16.0.30309.148
MinimumVisualStudioVersion = 10.0.40219.1
Project("{9A19103F-16F7-4668-BE54-9A1E7A4F7556}") = "test-delegate", "cs-test\test-delegate.csproj", "{C657B14B-F5A9-4FE4-80CE-34238404DE5C}"
EndProject
Project("{FAE04EC0-301F-11D3-BF4B-00C04F79EFBC}") = "test-event", "test-event\test-event.csproj", "{479E7E88-A54B-467C-AB66-F6CB7F53A6E8}"
EndProject
Global
	GlobalSection(SolutionConfigurationPlatforms) = preSolution
		Debug|Any CPU = Debug|Any CPU
		Release|Any CPU = Release|Any CPU
	EndGlobalSection
	GlobalSection(ProjectConfigurationPlatforms) = postSolution
		{C657B14B-F5A9-4FE4-80CE-34238404DE5C}.Debug|Any CPU.ActiveCfg = Debug|Any CPU
		{C657B14B-F5A9-4FE4-80CE-34238404DE5C}.Debug|Any CPU.Build.0 = Debug|Any CPU
		{C657B14B-F5A9-4FE4-80CE-34238404DE5C}.Release|Any CPU.ActiveCfg = Release|Any CPU
		{C657B14B-F5A9-4FE4-80CE-34238404DE5C}.Release|Any CPU.Build.0 = Release|Any CPU
		{479E7E88-A54B-467C-AB66-F6CB7F53A6E8}.Debug|Any CPU.ActiveCfg = Debug|Any CPU
		{479E7E88-A54B-467C-AB66-F6CB7F53A6E8}.Debug|Any CPU.Build.0 = Debug|Any CPU
		{479E7E88-A54B-467C-AB66-F6CB7F53A6E8}.Release|Any CPU.ActiveCfg = Release|Any CPU
		{479E7E88-A54B-467C-AB66-F6CB7F53A6E8}.Release|Any CPU.Build.0 = Release|Any CPU
	EndGlobalSection
	GlobalSection(SolutionProperties) = preSolution
		HideSolutionNode = FALSE
	EndGlobalSection
	GlobalSection(ExtensibilityGlobals) = postSolution
		SolutionGuid = {C5B9821C-7E83-4944-BADE-9B66966799DA}
	EndGlobalSection
EndGlobal
